
Microsoft Visual Studio Solution File, Format Version 12.00
# Visual Studio 15
VisualStudioVersion = 15.0.26124.0
MinimumVisualStudioVersion = 15.0.26124.0
Project("{9A19103F-16F7-4668-BE54-9A1E7A4F7556}") = "SocketLeakDetection.Tests.Performance", "src\SocketLeakDetection.Tests.Performance\SocketLeakDetection.Tests.Performance.csproj", "{028C7274-8C55-486E-B53A-FC17DA819901}"
EndProject
Project("{9A19103F-16F7-4668-BE54-9A1E7A4F7556}") = "SocketLeakDetection", "src\SocketLeakDetection\SocketLeakDetection.csproj", "{7CF3E4BC-07E6-4B8B-94AE-BCCF31634D6C}"
EndProject
Project("{9A19103F-16F7-4668-BE54-9A1E7A4F7556}") = "SocketLeakDetection.Tests", "src\SocketLeakDetection.Tests\SocketLeakDetection.Tests.csproj", "{9A9D15BC-8E38-4A7B-AC59-965115617568}"
EndProject
Project("{9A19103F-16F7-4668-BE54-9A1E7A4F7556}") = "FakeCounterSample", "src\FakeCounterSample\FakeCounterSample.csproj", "{3199AA3C-7173-4F5B-8839-EE1A0A181A5E}"
EndProject
Global
	GlobalSection(SolutionConfigurationPlatforms) = preSolution
		Debug|Any CPU = Debug|Any CPU
		Debug|x64 = Debug|x64
		Debug|x86 = Debug|x86
		Release|Any CPU = Release|Any CPU
		Release|x64 = Release|x64
		Release|x86 = Release|x86
	EndGlobalSection
	GlobalSection(ProjectConfigurationPlatforms) = postSolution
		{028C7274-8C55-486E-B53A-FC17DA819901}.Debug|Any CPU.ActiveCfg = Debug|Any CPU
		{028C7274-8C55-486E-B53A-FC17DA819901}.Debug|Any CPU.Build.0 = Debug|Any CPU
		{028C7274-8C55-486E-B53A-FC17DA819901}.Debug|x64.ActiveCfg = Debug|Any CPU
		{028C7274-8C55-486E-B53A-FC17DA819901}.Debug|x64.Build.0 = Debug|Any CPU
		{028C7274-8C55-486E-B53A-FC17DA819901}.Debug|x86.ActiveCfg = Debug|Any CPU
		{028C7274-8C55-486E-B53A-FC17DA819901}.Debug|x86.Build.0 = Debug|Any CPU
		{028C7274-8C55-486E-B53A-FC17DA819901}.Release|Any CPU.ActiveCfg = Release|Any CPU
		{028C7274-8C55-486E-B53A-FC17DA819901}.Release|Any CPU.Build.0 = Release|Any CPU
		{028C7274-8C55-486E-B53A-FC17DA819901}.Release|x64.ActiveCfg = Release|Any CPU
		{028C7274-8C55-486E-B53A-FC17DA819901}.Release|x64.Build.0 = Release|Any CPU
		{028C7274-8C55-486E-B53A-FC17DA819901}.Release|x86.ActiveCfg = Release|Any CPU
		{028C7274-8C55-486E-B53A-FC17DA819901}.Release|x86.Build.0 = Release|Any CPU
		{7CF3E4BC-07E6-4B8B-94AE-BCCF31634D6C}.Debug|Any CPU.ActiveCfg = Debug|Any CPU
		{7CF3E4BC-07E6-4B8B-94AE-BCCF31634D6C}.Debug|Any CPU.Build.0 = Debug|Any CPU
		{7CF3E4BC-07E6-4B8B-94AE-BCCF31634D6C}.Debug|x64.ActiveCfg = Debug|Any CPU
		{7CF3E4BC-07E6-4B8B-94AE-BCCF31634D6C}.Debug|x64.Build.0 = Debug|Any CPU
		{7CF3E4BC-07E6-4B8B-94AE-BCCF31634D6C}.Debug|x86.ActiveCfg = Debug|Any CPU
		{7CF3E4BC-07E6-4B8B-94AE-BCCF31634D6C}.Debug|x86.Build.0 = Debug|Any CPU
		{7CF3E4BC-07E6-4B8B-94AE-BCCF31634D6C}.Release|Any CPU.ActiveCfg = Release|Any CPU
		{7CF3E4BC-07E6-4B8B-94AE-BCCF31634D6C}.Release|Any CPU.Build.0 = Release|Any CPU
		{7CF3E4BC-07E6-4B8B-94AE-BCCF31634D6C}.Release|x64.ActiveCfg = Release|Any CPU
		{7CF3E4BC-07E6-4B8B-94AE-BCCF31634D6C}.Release|x64.Build.0 = Release|Any CPU
		{7CF3E4BC-07E6-4B8B-94AE-BCCF31634D6C}.Release|x86.ActiveCfg = Release|Any CPU
		{7CF3E4BC-07E6-4B8B-94AE-BCCF31634D6C}.Release|x86.Build.0 = Release|Any CPU
		{9A9D15BC-8E38-4A7B-AC59-965115617568}.Debug|Any CPU.ActiveCfg = Debug|Any CPU
		{9A9D15BC-8E38-4A7B-AC59-965115617568}.Debug|Any CPU.Build.0 = Debug|Any CPU
		{9A9D15BC-8E38-4A7B-AC59-965115617568}.Debug|x64.ActiveCfg = Debug|Any CPU
		{9A9D15BC-8E38-4A7B-AC59-965115617568}.Debug|x64.Build.0 = Debug|Any CPU
		{9A9D15BC-8E38-4A7B-AC59-965115617568}.Debug|x86.ActiveCfg = Debug|Any CPU
		{9A9D15BC-8E38-4A7B-AC59-965115617568}.Debug|x86.Build.0 = Debug|Any CPU
		{9A9D15BC-8E38-4A7B-AC59-965115617568}.Release|Any CPU.ActiveCfg = Release|Any CPU
		{9A9D15BC-8E38-4A7B-AC59-965115617568}.Release|Any CPU.Build.0 = Release|Any CPU
		{9A9D15BC-8E38-4A7B-AC59-965115617568}.Release|x64.ActiveCfg = Release|Any CPU
		{9A9D15BC-8E38-4A7B-AC59-965115617568}.Release|x64.Build.0 = Release|Any CPU
		{9A9D15BC-8E38-4A7B-AC59-965115617568}.Release|x86.ActiveCfg = Release|Any CPU
		{9A9D15BC-8E38-4A7B-AC59-965115617568}.Release|x86.Build.0 = Release|Any CPU
		{3199AA3C-7173-4F5B-8839-EE1A0A181A5E}.Debug|Any CPU.ActiveCfg = Debug|Any CPU
		{3199AA3C-7173-4F5B-8839-EE1A0A181A5E}.Debug|Any CPU.Build.0 = Debug|Any CPU
		{3199AA3C-7173-4F5B-8839-EE1A0A181A5E}.Debug|x64.ActiveCfg = Debug|Any CPU
		{3199AA3C-7173-4F5B-8839-EE1A0A181A5E}.Debug|x64.Build.0 = Debug|Any CPU
		{3199AA3C-7173-4F5B-8839-EE1A0A181A5E}.Debug|x86.ActiveCfg = Debug|Any CPU
		{3199AA3C-7173-4F5B-8839-EE1A0A181A5E}.Debug|x86.Build.0 = Debug|Any CPU
		{3199AA3C-7173-4F5B-8839-EE1A0A181A5E}.Release|Any CPU.ActiveCfg = Release|Any CPU
		{3199AA3C-7173-4F5B-8839-EE1A0A181A5E}.Release|Any CPU.Build.0 = Release|Any CPU
		{3199AA3C-7173-4F5B-8839-EE1A0A181A5E}.Release|x64.ActiveCfg = Release|Any CPU
		{3199AA3C-7173-4F5B-8839-EE1A0A181A5E}.Release|x64.Build.0 = Release|Any CPU
		{3199AA3C-7173-4F5B-8839-EE1A0A181A5E}.Release|x86.ActiveCfg = Release|Any CPU
		{3199AA3C-7173-4F5B-8839-EE1A0A181A5E}.Release|x86.Build.0 = Release|Any CPU
	EndGlobalSection
	GlobalSection(SolutionProperties) = preSolution
		HideSolutionNode = FALSE
	EndGlobalSection
	GlobalSection(ExtensibilityGlobals) = postSolution
		SolutionGuid = {7463B3C5-BC50-4032-ADDD-C2F2632D58FF}
	EndGlobalSection
EndGlobal
