
Microsoft Visual Studio Solution File, Format Version 12.00
# Visual Studio 15
VisualStudioVersion = 15.0.26124.0
MinimumVisualStudioVersion = 15.0.26124.0
Project("{9A19103F-16F7-4668-BE54-9A1E7A4F7556}") = "SocketLeakDetection", "src\SocketLeakDetection\SocketLeakDetection.csproj", "{7CF3E4BC-07E6-4B8B-94AE-BCCF31634D6C}"
EndProject
Project("{9A19103F-16F7-4668-BE54-9A1E7A4F7556}") = "SocketLeakDetection.Tests", "src\SocketLeakDetection.Tests\SocketLeakDetection.Tests.csproj", "{9A9D15BC-8E38-4A7B-AC59-965115617568}"
EndProject
Project("{9A19103F-16F7-4668-BE54-9A1E7A4F7556}") = "SocketLeakDetection.Simple.Demo", "src\SocketLeakDetection.Simple.Demo\SocketLeakDetection.Simple.Demo.csproj", "{97C4CCAF-72FB-43EF-A4DF-8BB5951E2985}"
EndProject
Project("{2150E333-8FDC-42A3-9474-1A3956D46DE8}") = "samples", "samples", "{1DBA19CE-CAD3-4AC3-91F8-FD434A524ACD}"
EndProject
Project("{9A19103F-16F7-4668-BE54-9A1E7A4F7556}") = "SocketLeakDetection.LiveLeak.Demo", "src\SocketLeakDetection.LiveLeak.Demo\SocketLeakDetection.LiveLeak.Demo.csproj", "{846131E6-A474-4967-8215-01C604184AF4}"
EndProject
Project("{FAE04EC0-301F-11D3-BF4B-00C04F79EFBC}") = "SocketLeakDetection.ClusterQuarantine.Demo", "src\SocketLeakDetection.ClusterQuarantine.Demo\SocketLeakDetection.ClusterQuarantine.Demo.csproj", "{44425404-884B-4A5B-A060-132704D225D0}"
EndProject
Global
	GlobalSection(SolutionConfigurationPlatforms) = preSolution
		Debug|Any CPU = Debug|Any CPU
		Debug|x64 = Debug|x64
		Debug|x86 = Debug|x86
		Release|Any CPU = Release|Any CPU
		Release|x64 = Release|x64
		Release|x86 = Release|x86
	EndGlobalSection
	GlobalSection(ProjectConfigurationPlatforms) = postSolution
		{7CF3E4BC-07E6-4B8B-94AE-BCCF31634D6C}.Debug|Any CPU.ActiveCfg = Debug|Any CPU
		{7CF3E4BC-07E6-4B8B-94AE-BCCF31634D6C}.Debug|Any CPU.Build.0 = Debug|Any CPU
		{7CF3E4BC-07E6-4B8B-94AE-BCCF31634D6C}.Debug|x64.ActiveCfg = Debug|Any CPU
		{7CF3E4BC-07E6-4B8B-94AE-BCCF31634D6C}.Debug|x64.Build.0 = Debug|Any CPU
		{7CF3E4BC-07E6-4B8B-94AE-BCCF31634D6C}.Debug|x86.ActiveCfg = Debug|Any CPU
		{7CF3E4BC-07E6-4B8B-94AE-BCCF31634D6C}.Debug|x86.Build.0 = Debug|Any CPU
		{7CF3E4BC-07E6-4B8B-94AE-BCCF31634D6C}.Release|Any CPU.ActiveCfg = Release|Any CPU
		{7CF3E4BC-07E6-4B8B-94AE-BCCF31634D6C}.Release|Any CPU.Build.0 = Release|Any CPU
		{7CF3E4BC-07E6-4B8B-94AE-BCCF31634D6C}.Release|x64.ActiveCfg = Release|Any CPU
		{7CF3E4BC-07E6-4B8B-94AE-BCCF31634D6C}.Release|x64.Build.0 = Release|Any CPU
		{7CF3E4BC-07E6-4B8B-94AE-BCCF31634D6C}.Release|x86.ActiveCfg = Release|Any CPU
		{7CF3E4BC-07E6-4B8B-94AE-BCCF31634D6C}.Release|x86.Build.0 = Release|Any CPU
		{9A9D15BC-8E38-4A7B-AC59-965115617568}.Debug|Any CPU.ActiveCfg = Debug|Any CPU
		{9A9D15BC-8E38-4A7B-AC59-965115617568}.Debug|Any CPU.Build.0 = Debug|Any CPU
		{9A9D15BC-8E38-4A7B-AC59-965115617568}.Debug|x64.ActiveCfg = Debug|Any CPU
		{9A9D15BC-8E38-4A7B-AC59-965115617568}.Debug|x64.Build.0 = Debug|Any CPU
		{9A9D15BC-8E38-4A7B-AC59-965115617568}.Debug|x86.ActiveCfg = Debug|Any CPU
		{9A9D15BC-8E38-4A7B-AC59-965115617568}.Debug|x86.Build.0 = Debug|Any CPU
		{9A9D15BC-8E38-4A7B-AC59-965115617568}.Release|Any CPU.ActiveCfg = Release|Any CPU
		{9A9D15BC-8E38-4A7B-AC59-965115617568}.Release|Any CPU.Build.0 = Release|Any CPU
		{9A9D15BC-8E38-4A7B-AC59-965115617568}.Release|x64.ActiveCfg = Release|Any CPU
		{9A9D15BC-8E38-4A7B-AC59-965115617568}.Release|x64.Build.0 = Release|Any CPU
		{9A9D15BC-8E38-4A7B-AC59-965115617568}.Release|x86.ActiveCfg = Release|Any CPU
		{9A9D15BC-8E38-4A7B-AC59-965115617568}.Release|x86.Build.0 = Release|Any CPU
		{97C4CCAF-72FB-43EF-A4DF-8BB5951E2985}.Debug|Any CPU.ActiveCfg = Debug|Any CPU
		{97C4CCAF-72FB-43EF-A4DF-8BB5951E2985}.Debug|Any CPU.Build.0 = Debug|Any CPU
		{97C4CCAF-72FB-43EF-A4DF-8BB5951E2985}.Debug|x64.ActiveCfg = Debug|Any CPU
		{97C4CCAF-72FB-43EF-A4DF-8BB5951E2985}.Debug|x64.Build.0 = Debug|Any CPU
		{97C4CCAF-72FB-43EF-A4DF-8BB5951E2985}.Debug|x86.ActiveCfg = Debug|Any CPU
		{97C4CCAF-72FB-43EF-A4DF-8BB5951E2985}.Debug|x86.Build.0 = Debug|Any CPU
		{97C4CCAF-72FB-43EF-A4DF-8BB5951E2985}.Release|Any CPU.ActiveCfg = Release|Any CPU
		{97C4CCAF-72FB-43EF-A4DF-8BB5951E2985}.Release|Any CPU.Build.0 = Release|Any CPU
		{97C4CCAF-72FB-43EF-A4DF-8BB5951E2985}.Release|x64.ActiveCfg = Release|Any CPU
		{97C4CCAF-72FB-43EF-A4DF-8BB5951E2985}.Release|x64.Build.0 = Release|Any CPU
		{97C4CCAF-72FB-43EF-A4DF-8BB5951E2985}.Release|x86.ActiveCfg = Release|Any CPU
		{97C4CCAF-72FB-43EF-A4DF-8BB5951E2985}.Release|x86.Build.0 = Release|Any CPU
		{846131E6-A474-4967-8215-01C604184AF4}.Debug|Any CPU.ActiveCfg = Debug|Any CPU
		{846131E6-A474-4967-8215-01C604184AF4}.Debug|Any CPU.Build.0 = Debug|Any CPU
		{846131E6-A474-4967-8215-01C604184AF4}.Debug|x64.ActiveCfg = Debug|Any CPU
		{846131E6-A474-4967-8215-01C604184AF4}.Debug|x64.Build.0 = Debug|Any CPU
		{846131E6-A474-4967-8215-01C604184AF4}.Debug|x86.ActiveCfg = Debug|Any CPU
		{846131E6-A474-4967-8215-01C604184AF4}.Debug|x86.Build.0 = Debug|Any CPU
		{846131E6-A474-4967-8215-01C604184AF4}.Release|Any CPU.ActiveCfg = Release|Any CPU
		{846131E6-A474-4967-8215-01C604184AF4}.Release|Any CPU.Build.0 = Release|Any CPU
		{846131E6-A474-4967-8215-01C604184AF4}.Release|x64.ActiveCfg = Release|Any CPU
		{846131E6-A474-4967-8215-01C604184AF4}.Release|x64.Build.0 = Release|Any CPU
		{846131E6-A474-4967-8215-01C604184AF4}.Release|x86.ActiveCfg = Release|Any CPU
		{846131E6-A474-4967-8215-01C604184AF4}.Release|x86.Build.0 = Release|Any CPU
		{44425404-884B-4A5B-A060-132704D225D0}.Debug|Any CPU.ActiveCfg = Debug|Any CPU
		{44425404-884B-4A5B-A060-132704D225D0}.Debug|Any CPU.Build.0 = Debug|Any CPU
		{44425404-884B-4A5B-A060-132704D225D0}.Debug|x64.ActiveCfg = Debug|Any CPU
		{44425404-884B-4A5B-A060-132704D225D0}.Debug|x64.Build.0 = Debug|Any CPU
		{44425404-884B-4A5B-A060-132704D225D0}.Debug|x86.ActiveCfg = Debug|Any CPU
		{44425404-884B-4A5B-A060-132704D225D0}.Debug|x86.Build.0 = Debug|Any CPU
		{44425404-884B-4A5B-A060-132704D225D0}.Release|Any CPU.ActiveCfg = Release|Any CPU
		{44425404-884B-4A5B-A060-132704D225D0}.Release|Any CPU.Build.0 = Release|Any CPU
		{44425404-884B-4A5B-A060-132704D225D0}.Release|x64.ActiveCfg = Release|Any CPU
		{44425404-884B-4A5B-A060-132704D225D0}.Release|x64.Build.0 = Release|Any CPU
		{44425404-884B-4A5B-A060-132704D225D0}.Release|x86.ActiveCfg = Release|Any CPU
		{44425404-884B-4A5B-A060-132704D225D0}.Release|x86.Build.0 = Release|Any CPU
	EndGlobalSection
	GlobalSection(SolutionProperties) = preSolution
		HideSolutionNode = FALSE
	EndGlobalSection
	GlobalSection(NestedProjects) = preSolution
		{97C4CCAF-72FB-43EF-A4DF-8BB5951E2985} = {1DBA19CE-CAD3-4AC3-91F8-FD434A524ACD}
		{846131E6-A474-4967-8215-01C604184AF4} = {1DBA19CE-CAD3-4AC3-91F8-FD434A524ACD}
		{44425404-884B-4A5B-A060-132704D225D0} = {1DBA19CE-CAD3-4AC3-91F8-FD434A524ACD}
	EndGlobalSection
	GlobalSection(ExtensibilityGlobals) = postSolution
		SolutionGuid = {7463B3C5-BC50-4032-ADDD-C2F2632D58FF}
	EndGlobalSection
EndGlobal
